// !$*UTF8*$!
{
	archiveVersion = 1;
	classes = {
	};
	objectVersion = 46;
	objects = {

/* Begin PBXBuildFile section */
		82382D8F1D8BD82200D8819D /* AppDelegate.swift in Sources */ = {isa = PBXBuildFile; fileRef = 82382D8E1D8BD82200D8819D /* AppDelegate.swift */; };
		82382D911D8BD82200D8819D /* ViewController.swift in Sources */ = {isa = PBXBuildFile; fileRef = 82382D901D8BD82200D8819D /* ViewController.swift */; };
		82382D941D8BD82200D8819D /* Main.storyboard in Resources */ = {isa = PBXBuildFile; fileRef = 82382D921D8BD82200D8819D /* Main.storyboard */; };
		82382D971D8BD82200D8819D /* DeLorean.xcdatamodeld in Sources */ = {isa = PBXBuildFile; fileRef = 82382D951D8BD82200D8819D /* DeLorean.xcdatamodeld */; };
		82382D991D8BD82200D8819D /* Assets.xcassets in Resources */ = {isa = PBXBuildFile; fileRef = 82382D981D8BD82200D8819D /* Assets.xcassets */; };
		82382D9C1D8BD82200D8819D /* LaunchScreen.storyboard in Resources */ = {isa = PBXBuildFile; fileRef = 82382D9A1D8BD82200D8819D /* LaunchScreen.storyboard */; };
		82382DA71D8BD82300D8819D /* DeLoreanTests.swift in Sources */ = {isa = PBXBuildFile; fileRef = 82382DA61D8BD82300D8819D /* DeLoreanTests.swift */; };
		82382DB21D8BD82300D8819D /* DeLoreanUITests.swift in Sources */ = {isa = PBXBuildFile; fileRef = 82382DB11D8BD82300D8819D /* DeLoreanUITests.swift */; };
/* End PBXBuildFile section */

/* Begin PBXContainerItemProxy section */
		82382DA31D8BD82300D8819D /* PBXContainerItemProxy */ = {
			isa = PBXContainerItemProxy;
			containerPortal = 82382D831D8BD82200D8819D /* Project object */;
			proxyType = 1;
			remoteGlobalIDString = 82382D8A1D8BD82200D8819D;
			remoteInfo = DeLorean;
		};
		82382DAE1D8BD82300D8819D /* PBXContainerItemProxy */ = {
			isa = PBXContainerItemProxy;
			containerPortal = 82382D831D8BD82200D8819D /* Project object */;
			proxyType = 1;
			remoteGlobalIDString = 82382D8A1D8BD82200D8819D;
			remoteInfo = DeLorean;
		};
/* End PBXContainerItemProxy section */

/* Begin PBXFileReference section */
		82382D8B1D8BD82200D8819D /* DeLorean.app */ = {isa = PBXFileReference; explicitFileType = wrapper.application; includeInIndex = 0; path = DeLorean.app; sourceTree = BUILT_PRODUCTS_DIR; };
		82382D8E1D8BD82200D8819D /* AppDelegate.swift */ = {isa = PBXFileReference; lastKnownFileType = sourcecode.swift; path = AppDelegate.swift; sourceTree = "<group>"; };
		82382D901D8BD82200D8819D /* ViewController.swift */ = {isa = PBXFileReference; lastKnownFileType = sourcecode.swift; path = ViewController.swift; sourceTree = "<group>"; };
		82382D931D8BD82200D8819D /* Base */ = {isa = PBXFileReference; lastKnownFileType = file.storyboard; name = Base; path = Base.lproj/Main.storyboard; sourceTree = "<group>"; };
		82382D961D8BD82200D8819D /* DeLorean.xcdatamodel */ = {isa = PBXFileReference; lastKnownFileType = wrapper.xcdatamodel; path = DeLorean.xcdatamodel; sourceTree = "<group>"; };
		82382D981D8BD82200D8819D /* Assets.xcassets */ = {isa = PBXFileReference; lastKnownFileType = folder.assetcatalog; path = Assets.xcassets; sourceTree = "<group>"; };
		82382D9B1D8BD82200D8819D /* Base */ = {isa = PBXFileReference; lastKnownFileType = file.storyboard; name = Base; path = Base.lproj/LaunchScreen.storyboard; sourceTree = "<group>"; };
		82382D9D1D8BD82300D8819D /* Info.plist */ = {isa = PBXFileReference; lastKnownFileType = text.plist.xml; path = Info.plist; sourceTree = "<group>"; };
		82382DA21D8BD82300D8819D /* DeLoreanTests.xctest */ = {isa = PBXFileReference; explicitFileType = wrapper.cfbundle; includeInIndex = 0; path = DeLoreanTests.xctest; sourceTree = BUILT_PRODUCTS_DIR; };
		82382DA61D8BD82300D8819D /* DeLoreanTests.swift */ = {isa = PBXFileReference; lastKnownFileType = sourcecode.swift; path = DeLoreanTests.swift; sourceTree = "<group>"; };
		82382DA81D8BD82300D8819D /* Info.plist */ = {isa = PBXFileReference; lastKnownFileType = text.plist.xml; path = Info.plist; sourceTree = "<group>"; };
		82382DAD1D8BD82300D8819D /* DeLoreanUITests.xctest */ = {isa = PBXFileReference; explicitFileType = wrapper.cfbundle; includeInIndex = 0; path = DeLoreanUITests.xctest; sourceTree = BUILT_PRODUCTS_DIR; };
		82382DB11D8BD82300D8819D /* DeLoreanUITests.swift */ = {isa = PBXFileReference; lastKnownFileType = sourcecode.swift; path = DeLoreanUITests.swift; sourceTree = "<group>"; };
		82382DB31D8BD82300D8819D /* Info.plist */ = {isa = PBXFileReference; lastKnownFileType = text.plist.xml; path = Info.plist; sourceTree = "<group>"; };
/* End PBXFileReference section */

/* Begin PBXFrameworksBuildPhase section */
		82382D881D8BD82200D8819D /* Frameworks */ = {
			isa = PBXFrameworksBuildPhase;
			buildActionMask = 2147483647;
			files = (
			);
			runOnlyForDeploymentPostprocessing = 0;
		};
		82382D9F1D8BD82300D8819D /* Frameworks */ = {
			isa = PBXFrameworksBuildPhase;
			buildActionMask = 2147483647;
			files = (
			);
			runOnlyForDeploymentPostprocessing = 0;
		};
		82382DAA1D8BD82300D8819D /* Frameworks */ = {
			isa = PBXFrameworksBuildPhase;
			buildActionMask = 2147483647;
			files = (
			);
			runOnlyForDeploymentPostprocessing = 0;
		};
/* End PBXFrameworksBuildPhase section */

/* Begin PBXGroup section */
		82382D821D8BD82200D8819D = {
			isa = PBXGroup;
			children = (
				82382D8D1D8BD82200D8819D /* DeLorean */,
				82382DA51D8BD82300D8819D /* DeLoreanTests */,
				82382DB01D8BD82300D8819D /* DeLoreanUITests */,
				82382D8C1D8BD82200D8819D /* Products */,
			);
			sourceTree = "<group>";
		};
		82382D8C1D8BD82200D8819D /* Products */ = {
			isa = PBXGroup;
			children = (
				82382D8B1D8BD82200D8819D /* DeLorean.app */,
				82382DA21D8BD82300D8819D /* DeLoreanTests.xctest */,
				82382DAD1D8BD82300D8819D /* DeLoreanUITests.xctest */,
			);
			name = Products;
			sourceTree = "<group>";
		};
		82382D8D1D8BD82200D8819D /* DeLorean */ = {
			isa = PBXGroup;
			children = (
				82382D8E1D8BD82200D8819D /* AppDelegate.swift */,
				82382D901D8BD82200D8819D /* ViewController.swift */,
				82382D921D8BD82200D8819D /* Main.storyboard */,
				82382D981D8BD82200D8819D /* Assets.xcassets */,
				82382D9A1D8BD82200D8819D /* LaunchScreen.storyboard */,
				82382D9D1D8BD82300D8819D /* Info.plist */,
				82382D951D8BD82200D8819D /* DeLorean.xcdatamodeld */,
			);
			path = DeLorean;
			sourceTree = "<group>";
		};
		82382DA51D8BD82300D8819D /* DeLoreanTests */ = {
			isa = PBXGroup;
			children = (
				82382DA61D8BD82300D8819D /* DeLoreanTests.swift */,
				82382DA81D8BD82300D8819D /* Info.plist */,
			);
			path = DeLoreanTests;
			sourceTree = "<group>";
		};
		82382DB01D8BD82300D8819D /* DeLoreanUITests */ = {
			isa = PBXGroup;
			children = (
				82382DB11D8BD82300D8819D /* DeLoreanUITests.swift */,
				82382DB31D8BD82300D8819D /* Info.plist */,
			);
			path = DeLoreanUITests;
			sourceTree = "<group>";
		};
/* End PBXGroup section */

/* Begin PBXNativeTarget section */
		82382D8A1D8BD82200D8819D /* DeLorean */ = {
			isa = PBXNativeTarget;
			buildConfigurationList = 82382DB61D8BD82300D8819D /* Build configuration list for PBXNativeTarget "DeLorean" */;
			buildPhases = (
				82382D871D8BD82200D8819D /* Sources */,
				82382D881D8BD82200D8819D /* Frameworks */,
				82382D891D8BD82200D8819D /* Resources */,
			);
			buildRules = (
			);
			dependencies = (
			);
			name = DeLorean;
			productName = DeLorean;
			productReference = 82382D8B1D8BD82200D8819D /* DeLorean.app */;
			productType = "com.apple.product-type.application";
		};
		82382DA11D8BD82300D8819D /* DeLoreanTests */ = {
			isa = PBXNativeTarget;
			buildConfigurationList = 82382DB91D8BD82300D8819D /* Build configuration list for PBXNativeTarget "DeLoreanTests" */;
			buildPhases = (
				82382D9E1D8BD82300D8819D /* Sources */,
				82382D9F1D8BD82300D8819D /* Frameworks */,
				82382DA01D8BD82300D8819D /* Resources */,
			);
			buildRules = (
			);
			dependencies = (
				82382DA41D8BD82300D8819D /* PBXTargetDependency */,
			);
			name = DeLoreanTests;
			productName = DeLoreanTests;
			productReference = 82382DA21D8BD82300D8819D /* DeLoreanTests.xctest */;
			productType = "com.apple.product-type.bundle.unit-test";
		};
		82382DAC1D8BD82300D8819D /* DeLoreanUITests */ = {
			isa = PBXNativeTarget;
			buildConfigurationList = 82382DBC1D8BD82300D8819D /* Build configuration list for PBXNativeTarget "DeLoreanUITests" */;
			buildPhases = (
				82382DA91D8BD82300D8819D /* Sources */,
				82382DAA1D8BD82300D8819D /* Frameworks */,
				82382DAB1D8BD82300D8819D /* Resources */,
			);
			buildRules = (
			);
			dependencies = (
				82382DAF1D8BD82300D8819D /* PBXTargetDependency */,
			);
			name = DeLoreanUITests;
			productName = DeLoreanUITests;
			productReference = 82382DAD1D8BD82300D8819D /* DeLoreanUITests.xctest */;
			productType = "com.apple.product-type.bundle.ui-testing";
		};
/* End PBXNativeTarget section */

/* Begin PBXProject section */
		82382D831D8BD82200D8819D /* Project object */ = {
			isa = PBXProject;
			attributes = {
				LastSwiftUpdateCheck = 0800;
				LastUpgradeCheck = 0800;
				ORGANIZATIONNAME = "Thanh-Tam Le";
				TargetAttributes = {
					82382D8A1D8BD82200D8819D = {
						CreatedOnToolsVersion = 8.0;
						DevelopmentTeam = HQ7CXJ2V7K;
						ProvisioningStyle = Automatic;
					};
					82382DA11D8BD82300D8819D = {
						CreatedOnToolsVersion = 8.0;
						DevelopmentTeam = HQ7CXJ2V7K;
						ProvisioningStyle = Automatic;
						TestTargetID = 82382D8A1D8BD82200D8819D;
					};
					82382DAC1D8BD82300D8819D = {
						CreatedOnToolsVersion = 8.0;
						DevelopmentTeam = HQ7CXJ2V7K;
						ProvisioningStyle = Automatic;
						TestTargetID = 82382D8A1D8BD82200D8819D;
					};
				};
			};
			buildConfigurationList = 82382D861D8BD82200D8819D /* Build configuration list for PBXProject "DeLorean" */;
			compatibilityVersion = "Xcode 3.2";
			developmentRegion = English;
			hasScannedForEncodings = 0;
			knownRegions = (
				en,
				Base,
			);
			mainGroup = 82382D821D8BD82200D8819D;
			productRefGroup = 82382D8C1D8BD82200D8819D /* Products */;
			projectDirPath = "";
			projectRoot = "";
			targets = (
				82382D8A1D8BD82200D8819D /* DeLorean */,
				82382DA11D8BD82300D8819D /* DeLoreanTests */,
				82382DAC1D8BD82300D8819D /* DeLoreanUITests */,
			);
		};
/* End PBXProject section */

/* Begin PBXResourcesBuildPhase section */
		82382D891D8BD82200D8819D /* Resources */ = {
			isa = PBXResourcesBuildPhase;
			buildActionMask = 2147483647;
			files = (
				82382D9C1D8BD82200D8819D /* LaunchScreen.storyboard in Resources */,
				82382D991D8BD82200D8819D /* Assets.xcassets in Resources */,
				82382D941D8BD82200D8819D /* Main.storyboard in Resources */,
			);
			runOnlyForDeploymentPostprocessing = 0;
		};
		82382DA01D8BD82300D8819D /* Resources */ = {
			isa = PBXResourcesBuildPhase;
			buildActionMask = 2147483647;
			files = (
			);
			runOnlyForDeploymentPostprocessing = 0;
		};
		82382DAB1D8BD82300D8819D /* Resources */ = {
			isa = PBXResourcesBuildPhase;
			buildActionMask = 2147483647;
			files = (
			);
			runOnlyForDeploymentPostprocessing = 0;
		};
/* End PBXResourcesBuildPhase section */

/* Begin PBXSourcesBuildPhase section */
		82382D871D8BD82200D8819D /* Sources */ = {
			isa = PBXSourcesBuildPhase;
			buildActionMask = 2147483647;
			files = (
				82382D911D8BD82200D8819D /* ViewController.swift in Sources */,
				82382D8F1D8BD82200D8819D /* AppDelegate.swift in Sources */,
				82382D971D8BD82200D8819D /* DeLorean.xcdatamodeld in Sources */,
			);
			runOnlyForDeploymentPostprocessing = 0;
		};
		82382D9E1D8BD82300D8819D /* Sources */ = {
			isa = PBXSourcesBuildPhase;
			buildActionMask = 2147483647;
			files = (
				82382DA71D8BD82300D8819D /* DeLoreanTests.swift in Sources */,
			);
			runOnlyForDeploymentPostprocessing = 0;
		};
		82382DA91D8BD82300D8819D /* Sources */ = {
			isa = PBXSourcesBuildPhase;
			buildActionMask = 2147483647;
			files = (
				82382DB21D8BD82300D8819D /* DeLoreanUITests.swift in Sources */,
			);
			runOnlyForDeploymentPostprocessing = 0;
		};
/* End PBXSourcesBuildPhase section */

/* Begin PBXTargetDependency section */
		82382DA41D8BD82300D8819D /* PBXTargetDependency */ = {
			isa = PBXTargetDependency;
			target = 82382D8A1D8BD82200D8819D /* DeLorean */;
			targetProxy = 82382DA31D8BD82300D8819D /* PBXContainerItemProxy */;
		};
		82382DAF1D8BD82300D8819D /* PBXTargetDependency */ = {
			isa = PBXTargetDependency;
			target = 82382D8A1D8BD82200D8819D /* DeLorean */;
			targetProxy = 82382DAE1D8BD82300D8819D /* PBXContainerItemProxy */;
		};
/* End PBXTargetDependency section */

/* Begin PBXVariantGroup section */
		82382D921D8BD82200D8819D /* Main.storyboard */ = {
			isa = PBXVariantGroup;
			children = (
				82382D931D8BD82200D8819D /* Base */,
			);
			name = Main.storyboard;
			sourceTree = "<group>";
		};
		82382D9A1D8BD82200D8819D /* LaunchScreen.storyboard */ = {
			isa = PBXVariantGroup;
			children = (
				82382D9B1D8BD82200D8819D /* Base */,
			);
			name = LaunchScreen.storyboard;
			sourceTree = "<group>";
		};
/* End PBXVariantGroup section */

/* Begin XCBuildConfiguration section */
		82382DB41D8BD82300D8819D /* Debug */ = {
			isa = XCBuildConfiguration;
			buildSettings = {
				ALWAYS_SEARCH_USER_PATHS = NO;
				CLANG_ANALYZER_NONNULL = YES;
				CLANG_CXX_LANGUAGE_STANDARD = "gnu++0x";
				CLANG_CXX_LIBRARY = "libc++";
				CLANG_ENABLE_MODULES = YES;
				CLANG_ENABLE_OBJC_ARC = YES;
				CLANG_WARN_BOOL_CONVERSION = YES;
				CLANG_WARN_CONSTANT_CONVERSION = YES;
				CLANG_WARN_DIRECT_OBJC_ISA_USAGE = YES_ERROR;
				CLANG_WARN_DOCUMENTATION_COMMENTS = YES;
				CLANG_WARN_EMPTY_BODY = YES;
				CLANG_WARN_ENUM_CONVERSION = YES;
				CLANG_WARN_INFINITE_RECURSION = YES;
				CLANG_WARN_INT_CONVERSION = YES;
				CLANG_WARN_OBJC_ROOT_CLASS = YES_ERROR;
				CLANG_WARN_SUSPICIOUS_MOVES = YES;
				CLANG_WARN_UNREACHABLE_CODE = YES;
				CLANG_WARN__DUPLICATE_METHOD_MATCH = YES;
				"CODE_SIGN_IDENTITY[sdk=iphoneos*]" = "iPhone Developer";
				COPY_PHASE_STRIP = NO;
				DEBUG_INFORMATION_FORMAT = dwarf;
				ENABLE_STRICT_OBJC_MSGSEND = YES;
				ENABLE_TESTABILITY = YES;
				GCC_C_LANGUAGE_STANDARD = gnu99;
				GCC_DYNAMIC_NO_PIC = NO;
				GCC_NO_COMMON_BLOCKS = YES;
				GCC_OPTIMIZATION_LEVEL = 0;
				GCC_PREPROCESSOR_DEFINITIONS = (
					"DEBUG=1",
					"$(inherited)",
				);
				GCC_WARN_64_TO_32_BIT_CONVERSION = YES;
				GCC_WARN_ABOUT_RETURN_TYPE = YES_ERROR;
				GCC_WARN_UNDECLARED_SELECTOR = YES;
				GCC_WARN_UNINITIALIZED_AUTOS = YES_AGGRESSIVE;
				GCC_WARN_UNUSED_FUNCTION = YES;
				GCC_WARN_UNUSED_VARIABLE = YES;
				IPHONEOS_DEPLOYMENT_TARGET = 10.0;
				MTL_ENABLE_DEBUG_INFO = YES;
				ONLY_ACTIVE_ARCH = YES;
				SDKROOT = iphoneos;
				SWIFT_ACTIVE_COMPILATION_CONDITIONS = DEBUG;
				SWIFT_OPTIMIZATION_LEVEL = "-Onone";
				TARGETED_DEVICE_FAMILY = "1,2";
			};
			name = Debug;
		};
		82382DB51D8BD82300D8819D /* Release */ = {
			isa = XCBuildConfiguration;
			buildSettings = {
				ALWAYS_SEARCH_USER_PATHS = NO;
				CLANG_ANALYZER_NONNULL = YES;
				CLANG_CXX_LANGUAGE_STANDARD = "gnu++0x";
				CLANG_CXX_LIBRARY = "libc++";
				CLANG_ENABLE_MODULES = YES;
				CLANG_ENABLE_OBJC_ARC = YES;
				CLANG_WARN_BOOL_CONVERSION = YES;
				CLANG_WARN_CONSTANT_CONVERSION = YES;
				CLANG_WARN_DIRECT_OBJC_ISA_USAGE = YES_ERROR;
				CLANG_WARN_DOCUMENTATION_COMMENTS = YES;
				CLANG_WARN_EMPTY_BODY = YES;
				CLANG_WARN_ENUM_CONVERSION = YES;
				CLANG_WARN_INFINITE_RECURSION = YES;
				CLANG_WARN_INT_CONVERSION = YES;
				CLANG_WARN_OBJC_ROOT_CLASS = YES_ERROR;
				CLANG_WARN_SUSPICIOUS_MOVES = YES;
				CLANG_WARN_UNREACHABLE_CODE = YES;
				CLANG_WARN__DUPLICATE_METHOD_MATCH = YES;
				"CODE_SIGN_IDENTITY[sdk=iphoneos*]" = "iPhone Developer";
				COPY_PHASE_STRIP = NO;
				DEBUG_INFORMATION_FORMAT = "dwarf-with-dsym";
				ENABLE_NS_ASSERTIONS = NO;
				ENABLE_STRICT_OBJC_MSGSEND = YES;
				GCC_C_LANGUAGE_STANDARD = gnu99;
				GCC_NO_COMMON_BLOCKS = YES;
				GCC_WARN_64_TO_32_BIT_CONVERSION = YES;
				GCC_WARN_ABOUT_RETURN_TYPE = YES_ERROR;
				GCC_WARN_UNDECLARED_SELECTOR = YES;
				GCC_WARN_UNINITIALIZED_AUTOS = YES_AGGRESSIVE;
				GCC_WARN_UNUSED_FUNCTION = YES;
				GCC_WARN_UNUSED_VARIABLE = YES;
				IPHONEOS_DEPLOYMENT_TARGET = 10.0;
				MTL_ENABLE_DEBUG_INFO = NO;
				SDKROOT = iphoneos;
				SWIFT_OPTIMIZATION_LEVEL = "-Owholemodule";
				TARGETED_DEVICE_FAMILY = "1,2";
				VALIDATE_PRODUCT = YES;
			};
			name = Release;
		};
		82382DB71D8BD82300D8819D /* Debug */ = {
			isa = XCBuildConfiguration;
			buildSettings = {
				ASSETCATALOG_COMPILER_APPICON_NAME = AppIcon;
				DEVELOPMENT_TEAM = HQ7CXJ2V7K;
				INFOPLIST_FILE = DeLorean/Info.plist;
				LD_RUNPATH_SEARCH_PATHS = "$(inherited) @executable_path/Frameworks";
				PRODUCT_BUNDLE_IDENTIFIER = citynow.DeLorean;
				PRODUCT_NAME = "$(TARGET_NAME)";
				SWIFT_VERSION = 3.0;
			};
			name = Debug;
		};
		82382DB81D8BD82300D8819D /* Release */ = {
			isa = XCBuildConfiguration;
			buildSettings = {
				ASSETCATALOG_COMPILER_APPICON_NAME = AppIcon;
				DEVELOPMENT_TEAM = HQ7CXJ2V7K;
				INFOPLIST_FILE = DeLorean/Info.plist;
				LD_RUNPATH_SEARCH_PATHS = "$(inherited) @executable_path/Frameworks";
				PRODUCT_BUNDLE_IDENTIFIER = citynow.DeLorean;
				PRODUCT_NAME = "$(TARGET_NAME)";
				SWIFT_VERSION = 3.0;
			};
			name = Release;
		};
		82382DBA1D8BD82300D8819D /* Debug */ = {
			isa = XCBuildConfiguration;
			buildSettings = {
				ALWAYS_EMBED_SWIFT_STANDARD_LIBRARIES = YES;
				BUNDLE_LOADER = "$(TEST_HOST)";
				DEVELOPMENT_TEAM = HQ7CXJ2V7K;
				INFOPLIST_FILE = DeLoreanTests/Info.plist;
				LD_RUNPATH_SEARCH_PATHS = "$(inherited) @executable_path/Frameworks @loader_path/Frameworks";
				PRODUCT_BUNDLE_IDENTIFIER = citynow.DeLoreanTests;
				PRODUCT_NAME = "$(TARGET_NAME)";
				SWIFT_VERSION = 3.0;
				TEST_HOST = "$(BUILT_PRODUCTS_DIR)/DeLorean.app/DeLorean";
			};
			name = Debug;
		};
		82382DBB1D8BD82300D8819D /* Release */ = {
			isa = XCBuildConfiguration;
			buildSettings = {
				ALWAYS_EMBED_SWIFT_STANDARD_LIBRARIES = YES;
				BUNDLE_LOADER = "$(TEST_HOST)";
				DEVELOPMENT_TEAM = HQ7CXJ2V7K;
				INFOPLIST_FILE = DeLoreanTests/Info.plist;
				LD_RUNPATH_SEARCH_PATHS = "$(inherited) @executable_path/Frameworks @loader_path/Frameworks";
				PRODUCT_BUNDLE_IDENTIFIER = citynow.DeLoreanTests;
				PRODUCT_NAME = "$(TARGET_NAME)";
				SWIFT_VERSION = 3.0;
				TEST_HOST = "$(BUILT_PRODUCTS_DIR)/DeLorean.app/DeLorean";
			};
			name = Release;
		};
		82382DBD1D8BD82300D8819D /* Debug */ = {
			isa = XCBuildConfiguration;
			buildSettings = {
				ALWAYS_EMBED_SWIFT_STANDARD_LIBRARIES = YES;
				DEVELOPMENT_TEAM = HQ7CXJ2V7K;
				INFOPLIST_FILE = DeLoreanUITests/Info.plist;
				LD_RUNPATH_SEARCH_PATHS = "$(inherited) @executable_path/Frameworks @loader_path/Frameworks";
				PRODUCT_BUNDLE_IDENTIFIER = citynow.DeLoreanUITests;
				PRODUCT_NAME = "$(TARGET_NAME)";
				SWIFT_VERSION = 3.0;
				TEST_TARGET_NAME = DeLorean;
			};
			name = Debug;
		};
		82382DBE1D8BD82300D8819D /* Release */ = {
			isa = XCBuildConfiguration;
			buildSettings = {
				ALWAYS_EMBED_SWIFT_STANDARD_LIBRARIES = YES;
				DEVELOPMENT_TEAM = HQ7CXJ2V7K;
				INFOPLIST_FILE = DeLoreanUITests/Info.plist;
				LD_RUNPATH_SEARCH_PATHS = "$(inherited) @executable_path/Frameworks @loader_path/Frameworks";
				PRODUCT_BUNDLE_IDENTIFIER = citynow.DeLoreanUITests;
				PRODUCT_NAME = "$(TARGET_NAME)";
				SWIFT_VERSION = 3.0;
				TEST_TARGET_NAME = DeLorean;
			};
			name = Release;
		};
/* End XCBuildConfiguration section */

/* Begin XCConfigurationList section */
		82382D861D8BD82200D8819D /* Build configuration list for PBXProject "DeLorean" */ = {
			isa = XCConfigurationList;
			buildConfigurations = (
				82382DB41D8BD82300D8819D /* Debug */,
				82382DB51D8BD82300D8819D /* Release */,
			);
			defaultConfigurationIsVisible = 0;
			defaultConfigurationName = Release;
		};
		82382DB61D8BD82300D8819D /* Build configuration list for PBXNativeTarget "DeLorean" */ = {
			isa = XCConfigurationList;
			buildConfigurations = (
				82382DB71D8BD82300D8819D /* Debug */,
				82382DB81D8BD82300D8819D /* Release */,
			);
			defaultConfigurationIsVisible = 0;
		};
		82382DB91D8BD82300D8819D /* Build configuration list for PBXNativeTarget "DeLoreanTests" */ = {
			isa = XCConfigurationList;
			buildConfigurations = (
				82382DBA1D8BD82300D8819D /* Debug */,
				82382DBB1D8BD82300D8819D /* Release */,
			);
			defaultConfigurationIsVisible = 0;
		};
		82382DBC1D8BD82300D8819D /* Build configuration list for PBXNativeTarget "DeLoreanUITests" */ = {
			isa = XCConfigurationList;
			buildConfigurations = (
				82382DBD1D8BD82300D8819D /* Debug */,
				82382DBE1D8BD82300D8819D /* Release */,
			);
			defaultConfigurationIsVisible = 0;
		};
/* End XCConfigurationList section */

/* Begin XCVersionGroup section */
		82382D951D8BD82200D8819D /* DeLorean.xcdatamodeld */ = {
			isa = XCVersionGroup;
			children = (
				82382D961D8BD82200D8819D /* DeLorean.xcdatamodel */,
			);
			currentVersion = 82382D961D8BD82200D8819D /* DeLorean.xcdatamodel */;
			path = DeLorean.xcdatamodeld;
			sourceTree = "<group>";
			versionGroupType = wrapper.xcdatamodel;
		};
/* End XCVersionGroup section */
	};
	rootObject = 82382D831D8BD82200D8819D /* Project object */;
}
